
Microsoft Visual Studio Solution File, Format Version 12.00
# Visual Studio Version 16
VisualStudioVersion = 16.0.31605.320
MinimumVisualStudioVersion = 10.0.40219.1
Project("{FAE04EC0-301F-11D3-BF4B-00C04F79EFBC}") = "Tip Calculator", "Tip Calculator\Tip Calculator.csproj", "{8B76D9CE-C634-46AC-BED2-FEBF379754F9}"
EndProject
Global
	GlobalSection(SolutionConfigurationPlatforms) = preSolution
		Debug|Any CPU = Debug|Any CPU
		Release|Any CPU = Release|Any CPU
	EndGlobalSection
	GlobalSection(ProjectConfigurationPlatforms) = postSolution
		{8B76D9CE-C634-46AC-BED2-FEBF379754F9}.Debug|Any CPU.ActiveCfg = Debug|Any CPU
		{8B76D9CE-C634-46AC-BED2-FEBF379754F9}.Debug|Any CPU.Build.0 = Debug|Any CPU
		{8B76D9CE-C634-46AC-BED2-FEBF379754F9}.Release|Any CPU.ActiveCfg = Release|Any CPU
		{8B76D9CE-C634-46AC-BED2-FEBF379754F9}.Release|Any CPU.Build.0 = Release|Any CPU
	EndGlobalSection
	GlobalSection(SolutionProperties) = preSolution
		HideSolutionNode = FALSE
	EndGlobalSection
	GlobalSection(ExtensibilityGlobals) = postSolution
		SolutionGuid = {B8F51D27-1397-45DF-A178-0711A89068F6}
	EndGlobalSection
EndGlobal
